
Microsoft Visual Studio Solution File, Format Version 12.00
# Visual Studio 15
VisualStudioVersion = 15.0.28307.572
MinimumVisualStudioVersion = 10.0.40219.1
Project("{FAE04EC0-301F-11D3-BF4B-00C04F79EFBC}") = "MouseTestFor_8141", "MouseTestFor_8141\MouseTestFor_8141.csproj", "{2EBF211F-1330-4F4E-839E-9FEBE9E3D796}"
EndProject
Global
	GlobalSection(SolutionConfigurationPlatforms) = preSolution
		Debug|Any CPU = Debug|Any CPU
		Release|Any CPU = Release|Any CPU
	EndGlobalSection
	GlobalSection(ProjectConfigurationPlatforms) = postSolution
		{2EBF211F-1330-4F4E-839E-9FEBE9E3D796}.Debug|Any CPU.ActiveCfg = Debug|Any CPU
		{2EBF211F-1330-4F4E-839E-9FEBE9E3D796}.Debug|Any CPU.Build.0 = Debug|Any CPU
		{2EBF211F-1330-4F4E-839E-9FEBE9E3D796}.Release|Any CPU.ActiveCfg = Release|Any CPU
		{2EBF211F-1330-4F4E-839E-9FEBE9E3D796}.Release|Any CPU.Build.0 = Release|Any CPU
	EndGlobalSection
	GlobalSection(SolutionProperties) = preSolution
		HideSolutionNode = FALSE
	EndGlobalSection
	GlobalSection(ExtensibilityGlobals) = postSolution
		SolutionGuid = {344F6EE0-A117-4425-9E43-821A9891579F}
	EndGlobalSection
EndGlobal
